
Microsoft Visual Studio Solution File, Format Version 12.00
# Visual Studio 2013
VisualStudioVersion = 12.0.21005.1
MinimumVisualStudioVersion = 10.0.40219.1
Project("{FAE04EC0-301F-11D3-BF4B-00C04F79EFBC}") = "OrangeHrm", "OrangeHrm\OrangeHrm.csproj", "{7DA7A91D-1B6F-48C5-AFFA-3F08EF30FDAB}"
EndProject
Global
	GlobalSection(SolutionConfigurationPlatforms) = preSolution
		Debug|Any CPU = Debug|Any CPU
		Release|Any CPU = Release|Any CPU
	EndGlobalSection
	GlobalSection(ProjectConfigurationPlatforms) = postSolution
		{7DA7A91D-1B6F-48C5-AFFA-3F08EF30FDAB}.Debug|Any CPU.ActiveCfg = Debug|Any CPU
		{7DA7A91D-1B6F-48C5-AFFA-3F08EF30FDAB}.Debug|Any CPU.Build.0 = Debug|Any CPU
		{7DA7A91D-1B6F-48C5-AFFA-3F08EF30FDAB}.Release|Any CPU.ActiveCfg = Release|Any CPU
		{7DA7A91D-1B6F-48C5-AFFA-3F08EF30FDAB}.Release|Any CPU.Build.0 = Release|Any CPU
	EndGlobalSection
	GlobalSection(SolutionProperties) = preSolution
		HideSolutionNode = FALSE
	EndGlobalSection
EndGlobal
